
Microsoft Visual Studio Solution File, Format Version 12.00
# Visual Studio Version 17
VisualStudioVersion = 17.13.35825.156 d17.13
MinimumVisualStudioVersion = 10.0.40219.1
Project("{FAE04EC0-301F-11D3-BF4B-00C04F79EFBC}") = "OntuPhdApi", "OntuPhdApi.csproj", "{816F0048-D107-4B4E-B29C-DDDC0E6EA1DA}"
EndProject
Global
	GlobalSection(SolutionConfigurationPlatforms) = preSolution
		Debug|Any CPU = Debug|Any CPU
		Release|Any CPU = Release|Any CPU
	EndGlobalSection
	GlobalSection(ProjectConfigurationPlatforms) = postSolution
		{816F0048-D107-4B4E-B29C-DDDC0E6EA1DA}.Debug|Any CPU.ActiveCfg = Debug|Any CPU
		{816F0048-D107-4B4E-B29C-DDDC0E6EA1DA}.Debug|Any CPU.Build.0 = Debug|Any CPU
		{816F0048-D107-4B4E-B29C-DDDC0E6EA1DA}.Release|Any CPU.ActiveCfg = Release|Any CPU
		{816F0048-D107-4B4E-B29C-DDDC0E6EA1DA}.Release|Any CPU.Build.0 = Release|Any CPU
	EndGlobalSection
	GlobalSection(SolutionProperties) = preSolution
		HideSolutionNode = FALSE
	EndGlobalSection
	GlobalSection(ExtensibilityGlobals) = postSolution
		SolutionGuid = {0191DFAF-B304-4F60-AA7A-70706C6EFE27}
	EndGlobalSection
EndGlobal
